
Microsoft Visual Studio Solution File, Format Version 12.00
# Visual Studio 2012
Project("{FAE04EC0-301F-11D3-BF4B-00C04F79EFBC}") = "Binary Tree", "Binary Tree\Binary Tree.csproj", "{65995E0C-8F3A-4271-95B6-0C1A57C8C223}"
EndProject
Project("{FAE04EC0-301F-11D3-BF4B-00C04F79EFBC}") = "BSTVisualization", "BSTVisualization\BSTVisualization.csproj", "{C6935672-FE9A-430A-AC5D-ACD27F7A569E}"
EndProject
Global
	GlobalSection(SolutionConfigurationPlatforms) = preSolution
		Debug|Any CPU = Debug|Any CPU
		Release|Any CPU = Release|Any CPU
	EndGlobalSection
	GlobalSection(ProjectConfigurationPlatforms) = postSolution
		{65995E0C-8F3A-4271-95B6-0C1A57C8C223}.Debug|Any CPU.ActiveCfg = Debug|Any CPU
		{65995E0C-8F3A-4271-95B6-0C1A57C8C223}.Debug|Any CPU.Build.0 = Debug|Any CPU
		{65995E0C-8F3A-4271-95B6-0C1A57C8C223}.Release|Any CPU.ActiveCfg = Release|Any CPU
		{65995E0C-8F3A-4271-95B6-0C1A57C8C223}.Release|Any CPU.Build.0 = Release|Any CPU
		{C6935672-FE9A-430A-AC5D-ACD27F7A569E}.Debug|Any CPU.ActiveCfg = Debug|Any CPU
		{C6935672-FE9A-430A-AC5D-ACD27F7A569E}.Debug|Any CPU.Build.0 = Debug|Any CPU
		{C6935672-FE9A-430A-AC5D-ACD27F7A569E}.Release|Any CPU.ActiveCfg = Release|Any CPU
		{C6935672-FE9A-430A-AC5D-ACD27F7A569E}.Release|Any CPU.Build.0 = Release|Any CPU
	EndGlobalSection
	GlobalSection(SolutionProperties) = preSolution
		HideSolutionNode = FALSE
	EndGlobalSection
EndGlobal
